
Microsoft Visual Studio Solution File, Format Version 12.00
# Visual Studio Version 17
VisualStudioVersion = 17.3.32922.545
MinimumVisualStudioVersion = 10.0.40219.1
Project("{8BC9CEB8-8B4A-11D0-8D11-00A0C91BC942}") = "BOJ_23803", "BOJ_23803.vcxproj", "{1C523A2D-49F1-4C72-9B8A-24E55EA2892C}"
EndProject
Global
	GlobalSection(SolutionConfigurationPlatforms) = preSolution
		Debug|x64 = Debug|x64
		Release|x64 = Release|x64
	EndGlobalSection
	GlobalSection(ProjectConfigurationPlatforms) = postSolution
		{1C523A2D-49F1-4C72-9B8A-24E55EA2892C}.Debug|x64.ActiveCfg = Debug|x64
		{1C523A2D-49F1-4C72-9B8A-24E55EA2892C}.Debug|x64.Build.0 = Debug|x64
		{1C523A2D-49F1-4C72-9B8A-24E55EA2892C}.Release|x64.ActiveCfg = Release|x64
		{1C523A2D-49F1-4C72-9B8A-24E55EA2892C}.Release|x64.Build.0 = Release|x64
	EndGlobalSection
	GlobalSection(SolutionProperties) = preSolution
		HideSolutionNode = FALSE
	EndGlobalSection
	GlobalSection(ExtensibilityGlobals) = postSolution
		SolutionGuid = {B6AA8628-9248-4220-A3CE-CBE2EDDA00DB}
	EndGlobalSection
EndGlobal
